
Microsoft Visual Studio Solution File, Format Version 12.00
# Visual Studio Version 17
VisualStudioVersion = 17.13.35825.156 d17.13
MinimumVisualStudioVersion = 10.0.40219.1
Project("{FAE04EC0-301F-11D3-BF4B-00C04F79EFBC}") = "DiplomProject", "DiplomProject\DiplomProject.csproj", "{0869F9B4-0B1D-428F-9BF0-19ED7E9A81E1}"
EndProject
Project("{FAE04EC0-301F-11D3-BF4B-00C04F79EFBC}") = "DiplomProject.Tests", "DiplomProject.Tests\DiplomProject.Tests.csproj", "{28AB3EB8-05B8-42D4-9189-F9EA54D28EAA}"
EndProject
Global
	GlobalSection(SolutionConfigurationPlatforms) = preSolution
		Debug|Any CPU = Debug|Any CPU
		Release|Any CPU = Release|Any CPU
	EndGlobalSection
	GlobalSection(ProjectConfigurationPlatforms) = postSolution
		{0869F9B4-0B1D-428F-9BF0-19ED7E9A81E1}.Debug|Any CPU.ActiveCfg = Debug|Any CPU
		{0869F9B4-0B1D-428F-9BF0-19ED7E9A81E1}.Debug|Any CPU.Build.0 = Debug|Any CPU
		{0869F9B4-0B1D-428F-9BF0-19ED7E9A81E1}.Release|Any CPU.ActiveCfg = Release|Any CPU
		{0869F9B4-0B1D-428F-9BF0-19ED7E9A81E1}.Release|Any CPU.Build.0 = Release|Any CPU
		{28AB3EB8-05B8-42D4-9189-F9EA54D28EAA}.Debug|Any CPU.ActiveCfg = Debug|Any CPU
		{28AB3EB8-05B8-42D4-9189-F9EA54D28EAA}.Debug|Any CPU.Build.0 = Debug|Any CPU
		{28AB3EB8-05B8-42D4-9189-F9EA54D28EAA}.Release|Any CPU.ActiveCfg = Release|Any CPU
		{28AB3EB8-05B8-42D4-9189-F9EA54D28EAA}.Release|Any CPU.Build.0 = Release|Any CPU
	EndGlobalSection
	GlobalSection(SolutionProperties) = preSolution
		HideSolutionNode = FALSE
	EndGlobalSection
	GlobalSection(ExtensibilityGlobals) = postSolution
		SolutionGuid = {5BFA338D-A22C-4340-85A4-B73610D746C3}
	EndGlobalSection
EndGlobal
